{
  "name": "astn-expect-lib",
  "version": "0.18.0",
  "lockfileVersion": 2,
  "requires": true,
  "packages": {
    "": {
      "name": "astn-expect-lib",
      "version": "0.18.0",
      "license": "ISC",
      "dependencies": {
        "api-astn-handlers": "^0.1.0",
        "api-pareto-ugly-stuff": "^0.1.0",
        "pareto-core-lib": "^0.4.0",
        "pareto-core-resolve": "^0.1.0",
        "pareto-core-state": "^0.4.0",
        "pareto-core-tostring": "^0.6.0"
      }
    },
    "node_modules/api-astn-handlers": {
      "version": "0.1.0",
      "resolved": "https://registry.npmjs.org/api-astn-handlers/-/api-astn-handlers-0.1.0.tgz",
      "integrity": "sha512-BKmpa6Jz2twtwBcNY4AD4xAHrOdFVejWWHHBlyW7yRhtVkgcc9sWxXD0Z1Ru5qdhUCPtqIt9aknikli/6QDW3g==",
      "dependencies": {
        "pareto-core-types": "^0.1.0"
      }
    },
    "node_modules/api-pareto-ugly-stuff": {
      "version": "0.1.0",
      "resolved": "https://registry.npmjs.org/api-pareto-ugly-stuff/-/api-pareto-ugly-stuff-0.1.0.tgz",
      "integrity": "sha512-Fd+EQ9q92LwaHGD55UIHhioS+SeDZEKpRxzzlpd7NiM2IBVxmPv8OdSxIDMTLb7X4cVFc3DuVsHVmhsGFL1h7Q==",
      "dependencies": {
        "pareto-core-types": "^0.1.0"
      }
    },
    "node_modules/pareto-core-lib": {
      "version": "0.4.0",
      "resolved": "https://registry.npmjs.org/pareto-core-lib/-/pareto-core-lib-0.4.0.tgz",
      "integrity": "sha512-Ccv3lw+9sxDTrTSgnQrJDFqmjfpBPfbFJoXm60cR4BUijibVXmQr9oubv+JlhKJUEGDokDC4UX+Upf/v5mifvA==",
      "dependencies": {
        "pareto-core-raw": "^0.1.0",
        "pareto-core-types": "^0.1.0"
      }
    },
    "node_modules/pareto-core-raw": {
      "version": "0.1.0",
      "resolved": "https://registry.npmjs.org/pareto-core-raw/-/pareto-core-raw-0.1.0.tgz",
      "integrity": "sha512-yrwHL670i9jIkZzKXpSTecAkP1EX2The09izuSxRcaALP782WqTg+DOrVZSaUw/zWVwVjElGTynlFL7yThnJyA==",
      "dependencies": {
        "pareto-core-types": "^0.1.0"
      }
    },
    "node_modules/pareto-core-resolve": {
      "version": "0.1.0",
      "resolved": "https://registry.npmjs.org/pareto-core-resolve/-/pareto-core-resolve-0.1.0.tgz",
      "integrity": "sha512-4QNUt5f8r7FH8P74NkFHnam+XzDkNkmqLbuYKnZbjN/o6loqELAxdOXJzxzNuWetKYXOkmsfnI8NGAkxxzK/zQ==",
      "dependencies": {
        "pareto-core-types": "^0.1.0"
      }
    },
    "node_modules/pareto-core-state": {
      "version": "0.4.0",
      "resolved": "https://registry.npmjs.org/pareto-core-state/-/pareto-core-state-0.4.0.tgz",
      "integrity": "sha512-VvjQqQGQbnAzLDTFZm7kQhIOIyqBmLyrPthOPAOCVXepYDy1BCfiAFPyVT0lVDdwWqtOSGZR5Hqb6WXrMd63Mw==",
      "dependencies": {
        "pareto-core-raw": "^0.1.0"
      }
    },
    "node_modules/pareto-core-tostring": {
      "version": "0.6.0",
      "resolved": "https://registry.npmjs.org/pareto-core-tostring/-/pareto-core-tostring-0.6.0.tgz",
      "integrity": "sha512-SEIDbTqo8U8+1sx2wKPHBpGtVqN2SQGhxymzaED2VzNTQuDwsDIIF6+s9piWIX/zGaSwbglaugfYp++KToP1cg==",
      "dependencies": {
        "pareto-typesystem-core": "^0.6.0"
      }
    },
    "node_modules/pareto-core-tostring/node_modules/pareto-typesystem-core": {
      "version": "0.6.0",
      "resolved": "https://registry.npmjs.org/pareto-typesystem-core/-/pareto-typesystem-core-0.6.0.tgz",
      "integrity": "sha512-CJwKu7lYvLBEzNuvbp5Vk8eND0Jsmlburk04/PsknFAx9QiN9EpYhRAQ1oJY4OAh6hZv6WY/kLAAAZu6w2LuxQ=="
    },
    "node_modules/pareto-core-types": {
      "version": "0.1.0",
      "resolved": "https://registry.npmjs.org/pareto-core-types/-/pareto-core-types-0.1.0.tgz",
      "integrity": "sha512-0HzkufJz11Lus9Kt1AS5+ihBMjyJvpmw2/lQHOYhhIv8WwrTBpIsYJusEzrlnq2+wWAoK46giQeHFky2YQAnaw=="
    }
  },
  "dependencies": {
    "api-astn-handlers": {
      "version": "0.1.0",
      "resolved": "https://registry.npmjs.org/api-astn-handlers/-/api-astn-handlers-0.1.0.tgz",
      "integrity": "sha512-BKmpa6Jz2twtwBcNY4AD4xAHrOdFVejWWHHBlyW7yRhtVkgcc9sWxXD0Z1Ru5qdhUCPtqIt9aknikli/6QDW3g==",
      "requires": {
        "pareto-core-types": "^0.1.0"
      }
    },
    "api-pareto-ugly-stuff": {
      "version": "0.1.0",
      "resolved": "https://registry.npmjs.org/api-pareto-ugly-stuff/-/api-pareto-ugly-stuff-0.1.0.tgz",
      "integrity": "sha512-Fd+EQ9q92LwaHGD55UIHhioS+SeDZEKpRxzzlpd7NiM2IBVxmPv8OdSxIDMTLb7X4cVFc3DuVsHVmhsGFL1h7Q==",
      "requires": {
        "pareto-core-types": "^0.1.0"
      }
    },
    "pareto-core-lib": {
      "version": "0.4.0",
      "resolved": "https://registry.npmjs.org/pareto-core-lib/-/pareto-core-lib-0.4.0.tgz",
      "integrity": "sha512-Ccv3lw+9sxDTrTSgnQrJDFqmjfpBPfbFJoXm60cR4BUijibVXmQr9oubv+JlhKJUEGDokDC4UX+Upf/v5mifvA==",
      "requires": {
        "pareto-core-raw": "^0.1.0",
        "pareto-core-types": "^0.1.0"
      }
    },
    "pareto-core-raw": {
      "version": "0.1.0",
      "resolved": "https://registry.npmjs.org/pareto-core-raw/-/pareto-core-raw-0.1.0.tgz",
      "integrity": "sha512-yrwHL670i9jIkZzKXpSTecAkP1EX2The09izuSxRcaALP782WqTg+DOrVZSaUw/zWVwVjElGTynlFL7yThnJyA==",
      "requires": {
        "pareto-core-types": "^0.1.0"
      }
    },
    "pareto-core-resolve": {
      "version": "0.1.0",
      "resolved": "https://registry.npmjs.org/pareto-core-resolve/-/pareto-core-resolve-0.1.0.tgz",
      "integrity": "sha512-4QNUt5f8r7FH8P74NkFHnam+XzDkNkmqLbuYKnZbjN/o6loqELAxdOXJzxzNuWetKYXOkmsfnI8NGAkxxzK/zQ==",
      "requires": {
        "pareto-core-types": "^0.1.0"
      }
    },
    "pareto-core-state": {
      "version": "0.4.0",
      "resolved": "https://registry.npmjs.org/pareto-core-state/-/pareto-core-state-0.4.0.tgz",
      "integrity": "sha512-VvjQqQGQbnAzLDTFZm7kQhIOIyqBmLyrPthOPAOCVXepYDy1BCfiAFPyVT0lVDdwWqtOSGZR5Hqb6WXrMd63Mw==",
      "requires": {
        "pareto-core-raw": "^0.1.0"
      }
    },
    "pareto-core-tostring": {
      "version": "0.6.0",
      "resolved": "https://registry.npmjs.org/pareto-core-tostring/-/pareto-core-tostring-0.6.0.tgz",
      "integrity": "sha512-SEIDbTqo8U8+1sx2wKPHBpGtVqN2SQGhxymzaED2VzNTQuDwsDIIF6+s9piWIX/zGaSwbglaugfYp++KToP1cg==",
      "requires": {
        "pareto-typesystem-core": "^0.6.0"
      },
      "dependencies": {
        "pareto-typesystem-core": {
          "version": "0.6.0",
          "resolved": "https://registry.npmjs.org/pareto-typesystem-core/-/pareto-typesystem-core-0.6.0.tgz",
          "integrity": "sha512-CJwKu7lYvLBEzNuvbp5Vk8eND0Jsmlburk04/PsknFAx9QiN9EpYhRAQ1oJY4OAh6hZv6WY/kLAAAZu6w2LuxQ=="
        }
      }
    },
    "pareto-core-types": {
      "version": "0.1.0",
      "resolved": "https://registry.npmjs.org/pareto-core-types/-/pareto-core-types-0.1.0.tgz",
      "integrity": "sha512-0HzkufJz11Lus9Kt1AS5+ihBMjyJvpmw2/lQHOYhhIv8WwrTBpIsYJusEzrlnq2+wWAoK46giQeHFky2YQAnaw=="
    }
  }
}
